{
  "name": "keto",
  "version": "1.0.0",
  "lockfileVersion": 3,
  "requires": true,
  "packages": {
    "": {
      "name": "keto",
      "version": "1.0.0",
      "license": "MIT",
      "dependencies": {
        "@ory/keto-namespace-types": "^0.13.0-alpha.0"
      }
    },
    "node_modules/@ory/keto-namespace-types": {
      "version": "0.13.0-alpha.0",
      "resolved": "https://registry.npmjs.org/@ory/keto-namespace-types/-/keto-namespace-types-0.13.0-alpha.0.tgz",
      "integrity": "sha512-e2s9sfDEdL40+dRPvYwO4rJY60i85IFH9+3woScXw7zrjvoy/oEDsjJuLbZ/hskJHPNplnNp3IoikXxDKxiL6A=="
    }
  }
}
