[dependencies]
  [dependencies.base]
    name = "base"
    full_name = "base_0.2.0"
    version = "0.2.0"
    sum = "wRXO6RdU40OpzkHDClEcBP50dxuNkWgFoR2w3ir55+E="
    reg = "ghcr.io"
    repo = "input-output-hk/catalyst-forge/base"
    oci_tag = "0.2.0"
  [dependencies.k8s]
    name = "k8s"
    full_name = "k8s_1.31.2"
    version = "1.31.2"
    sum = "xBZgPsnpVVyWBpahuPQHReeRx28eUHGFoaPeqbct+vs="
    reg = "ghcr.io"
    repo = "kcl-lang/k8s"
    oci_tag = "1.31.2"
